
Microsoft Visual Studio Solution File, Format Version 12.00
# Visual Studio Version 17
VisualStudioVersion = 17.4.33122.133
MinimumVisualStudioVersion = 10.0.40219.1
Project("{FAE04EC0-301F-11D3-BF4B-00C04F79EFBC}") = "QrCodeMake-WinForm", "QrCodeMake-WinForm\QrCodeMake-WinForm.csproj", "{01184652-96E7-4B49-8A8A-89D52B294607}"
EndProject
Project("{FAE04EC0-301F-11D3-BF4B-00C04F79EFBC}") = "QrCodeMake-Console", "QrCodeMake-Console\QrCodeMake-Console.csproj", "{A382274C-F2F8-49E5-BD95-9CF3620A1B66}"
EndProject
Project("{FAE04EC0-301F-11D3-BF4B-00C04F79EFBC}") = "QrCodeMakelib", "QrCodeMakelib\QrCodeMakelib.csproj", "{2A9628A0-FDC2-482D-9ED9-B87E52ADAD14}"
EndProject
Global
	GlobalSection(SolutionConfigurationPlatforms) = preSolution
		Debug|Any CPU = Debug|Any CPU
		Release|Any CPU = Release|Any CPU
	EndGlobalSection
	GlobalSection(ProjectConfigurationPlatforms) = postSolution
		{01184652-96E7-4B49-8A8A-89D52B294607}.Debug|Any CPU.ActiveCfg = Debug|Any CPU
		{01184652-96E7-4B49-8A8A-89D52B294607}.Debug|Any CPU.Build.0 = Debug|Any CPU
		{01184652-96E7-4B49-8A8A-89D52B294607}.Release|Any CPU.ActiveCfg = Release|Any CPU
		{01184652-96E7-4B49-8A8A-89D52B294607}.Release|Any CPU.Build.0 = Release|Any CPU
		{A382274C-F2F8-49E5-BD95-9CF3620A1B66}.Debug|Any CPU.ActiveCfg = Debug|Any CPU
		{A382274C-F2F8-49E5-BD95-9CF3620A1B66}.Debug|Any CPU.Build.0 = Debug|Any CPU
		{A382274C-F2F8-49E5-BD95-9CF3620A1B66}.Release|Any CPU.ActiveCfg = Release|Any CPU
		{A382274C-F2F8-49E5-BD95-9CF3620A1B66}.Release|Any CPU.Build.0 = Release|Any CPU
		{2A9628A0-FDC2-482D-9ED9-B87E52ADAD14}.Debug|Any CPU.ActiveCfg = Debug|Any CPU
		{2A9628A0-FDC2-482D-9ED9-B87E52ADAD14}.Debug|Any CPU.Build.0 = Debug|Any CPU
		{2A9628A0-FDC2-482D-9ED9-B87E52ADAD14}.Release|Any CPU.ActiveCfg = Release|Any CPU
		{2A9628A0-FDC2-482D-9ED9-B87E52ADAD14}.Release|Any CPU.Build.0 = Release|Any CPU
	EndGlobalSection
	GlobalSection(SolutionProperties) = preSolution
		HideSolutionNode = FALSE
	EndGlobalSection
	GlobalSection(ExtensibilityGlobals) = postSolution
		SolutionGuid = {78784836-ACFA-424B-BDD9-7A29D3EF16D6}
	EndGlobalSection
EndGlobal
